{
  "name": "local-llm-chat",
  "lockfileVersion": 3,
  "requires": true,
  "packages": {
    "": {
      "dependencies": {
        "svelte-select": "^5.8.3"
      }
    },
    "node_modules/@floating-ui/core": {
      "version": "1.7.2",
      "resolved": "https://registry.npmjs.org/@floating-ui/core/-/core-1.7.2.tgz",
      "integrity": "sha512-wNB5ooIKHQc+Kui96jE/n69rHFWAVoxn5CAzL1Xdd8FG03cgY3MLO+GF9U3W737fYDSgPWA6MReKhBQBop6Pcw==",
      "license": "MIT",
      "dependencies": {
        "@floating-ui/utils": "^0.2.10"
      }
    },
    "node_modules/@floating-ui/dom": {
      "version": "1.7.2",
      "resolved": "https://registry.npmjs.org/@floating-ui/dom/-/dom-1.7.2.tgz",
      "integrity": "sha512-7cfaOQuCS27HD7DX+6ib2OrnW+b4ZBwDNnCcT0uTyidcmyWb03FnQqJybDBoCnpdxwBSfA94UAYlRCt7mV+TbA==",
      "license": "MIT",
      "dependencies": {
        "@floating-ui/core": "^1.7.2",
        "@floating-ui/utils": "^0.2.10"
      }
    },
    "node_modules/@floating-ui/utils": {
      "version": "0.2.10",
      "resolved": "https://registry.npmjs.org/@floating-ui/utils/-/utils-0.2.10.tgz",
      "integrity": "sha512-aGTxbpbg8/b5JfU1HXSrbH3wXZuLPJcNEcZQFMxLs3oSzgtVu6nFPkbbGGUvBcUjKV2YyB9Wxxabo+HEH9tcRQ==",
      "license": "MIT"
    },
    "node_modules/svelte-floating-ui": {
      "version": "1.5.8",
      "resolved": "https://registry.npmjs.org/svelte-floating-ui/-/svelte-floating-ui-1.5.8.tgz",
      "integrity": "sha512-dVvJhZ2bT+kQDHlE4Lep8t+sgEc0XD96fXLzAi2DDI2bsaegBbClxXVNMma0C2WsG+n9GJSYx292dTvA8CYRtw==",
      "license": "MIT",
      "dependencies": {
        "@floating-ui/core": "^1.5.0",
        "@floating-ui/dom": "^1.5.3"
      }
    },
    "node_modules/svelte-select": {
      "version": "5.8.3",
      "resolved": "https://registry.npmjs.org/svelte-select/-/svelte-select-5.8.3.tgz",
      "integrity": "sha512-nQsvflWmTCOZjssdrNptzfD1Ok45hHVMTL5IHay5DINk7dfu5Er+8KsVJnZMJdSircqtR0YlT4YkCFlxOUhVPA==",
      "license": "ISC",
      "dependencies": {
        "svelte-floating-ui": "1.5.8"
      }
    }
  }
}
